<Solution>
  <Folder Name="/Services/" />
  <Folder Name="/Services/Basket/">
    <Project Path="Services/Basket/Basket.API/Basket.API.csproj" />
    <Project Path="Services/Basket/Basket.Application/Basket.Application.csproj" />
    <Project Path="Services/Basket/Basket.Core/Basket.Core.csproj" />
    <Project Path="Services/Basket/Basket.Infrustructure/Basket.Infrustructure.csproj" />
  </Folder>
  <Folder Name="/Services/Catalog/">
    <Project Path="F:/GitHubRepositories/ecommerce-microservice-app/Microservices-ECommerce/Services/Catalog/Catalog.API/Catalog.API.csproj" />
    <Project Path="F:/GitHubRepositories/ecommerce-microservice-app/Microservices-ECommerce/Services/Catalog/Catalog.Infrustructure/Catalog.Infrustructure.csproj" />
    <Project Path="Services/Catalog/Catalog.Application/Catalog.Application.csproj" />
    <Project Path="Services/Catalog/Catalog.Core/Catalog.Core.csproj" />
  </Folder>
  <Folder Name="/Services/Discount/">
    <Project Path="Services/Discount/Discount.API/Discount.API.csproj" Id="fbd6e01d-2381-4bd1-a61a-71bb152f9bf6" />
    <Project Path="Services/Discount/Discount.Application/Discount.Application.csproj" Id="0c6b88b5-05f6-442f-8702-74da70dd1312" />
    <Project Path="Services/Discount/Discount.Core/Discount.Core.csproj" Id="16831259-120a-45fb-9981-586a92e8d713" />
    <Project Path="Services/Discount/Discount.Infrustructure/Discount.Infrustructure.csproj" Id="40eb1900-f471-4101-9b55-664208bd8b35" />
  </Folder>
  <Project Path="docker-compose.dcproj">
    <Build />
  </Project>
</Solution>
